
Microsoft Visual Studio Solution File, Format Version 12.00
# Visual Studio 15
VisualStudioVersion = 15.0.26430.16
MinimumVisualStudioVersion = 10.0.40219.1
Project("{D954291E-2A0B-460D-934E-DC6B0785DB48}") = "Hello_Xamarin", "Hello_Xamarin\Hello_Xamarin\Hello_Xamarin.shproj", "{446DAC40-55B1-4DE9-BDD7-81D0F26A38EC}"
EndProject
Project("{FAE04EC0-301F-11D3-BF4B-00C04F79EFBC}") = "Hello_Xamarin.Android", "Hello_Xamarin\Hello_Xamarin.Android\Hello_Xamarin.Android.csproj", "{34763F34-4208-4070-98F4-602093976AC4}"
EndProject
Project("{FAE04EC0-301F-11D3-BF4B-00C04F79EFBC}") = "Hello_Xamarin.iOS", "Hello_Xamarin\Hello_Xamarin.iOS\Hello_Xamarin.iOS.csproj", "{CEA9E7AC-04CA-47AE-B9BF-9855C2D5A72E}"
EndProject
Global
	GlobalSection(SharedMSBuildProjectFiles) = preSolution
		Hello_Xamarin\Hello_Xamarin\Hello_Xamarin.projitems*{34763f34-4208-4070-98f4-602093976ac4}*SharedItemsImports = 4
		Hello_Xamarin\Hello_Xamarin\Hello_Xamarin.projitems*{446dac40-55b1-4de9-bdd7-81d0f26a38ec}*SharedItemsImports = 13
		Hello_Xamarin\Hello_Xamarin\Hello_Xamarin.projitems*{cea9e7ac-04ca-47ae-b9bf-9855c2d5a72e}*SharedItemsImports = 4
	EndGlobalSection
	GlobalSection(SolutionConfigurationPlatforms) = preSolution
		Ad-Hoc|Any CPU = Ad-Hoc|Any CPU
		Ad-Hoc|iPhone = Ad-Hoc|iPhone
		Ad-Hoc|iPhoneSimulator = Ad-Hoc|iPhoneSimulator
		AppStore|Any CPU = AppStore|Any CPU
		AppStore|iPhone = AppStore|iPhone
		AppStore|iPhoneSimulator = AppStore|iPhoneSimulator
		Debug|Any CPU = Debug|Any CPU
		Debug|iPhone = Debug|iPhone
		Debug|iPhoneSimulator = Debug|iPhoneSimulator
		Release|Any CPU = Release|Any CPU
		Release|iPhone = Release|iPhone
		Release|iPhoneSimulator = Release|iPhoneSimulator
	EndGlobalSection
	GlobalSection(ProjectConfigurationPlatforms) = postSolution
		{34763F34-4208-4070-98F4-602093976AC4}.Ad-Hoc|Any CPU.ActiveCfg = Release|Any CPU
		{34763F34-4208-4070-98F4-602093976AC4}.Ad-Hoc|Any CPU.Build.0 = Release|Any CPU
		{34763F34-4208-4070-98F4-602093976AC4}.Ad-Hoc|Any CPU.Deploy.0 = Release|Any CPU
		{34763F34-4208-4070-98F4-602093976AC4}.Ad-Hoc|iPhone.ActiveCfg = Release|Any CPU
		{34763F34-4208-4070-98F4-602093976AC4}.Ad-Hoc|iPhone.Build.0 = Release|Any CPU
		{34763F34-4208-4070-98F4-602093976AC4}.Ad-Hoc|iPhone.Deploy.0 = Release|Any CPU
		{34763F34-4208-4070-98F4-602093976AC4}.Ad-Hoc|iPhoneSimulator.ActiveCfg = Release|Any CPU
		{34763F34-4208-4070-98F4-602093976AC4}.Ad-Hoc|iPhoneSimulator.Build.0 = Release|Any CPU
		{34763F34-4208-4070-98F4-602093976AC4}.Ad-Hoc|iPhoneSimulator.Deploy.0 = Release|Any CPU
		{34763F34-4208-4070-98F4-602093976AC4}.AppStore|Any CPU.ActiveCfg = Release|Any CPU
		{34763F34-4208-4070-98F4-602093976AC4}.AppStore|Any CPU.Build.0 = Release|Any CPU
		{34763F34-4208-4070-98F4-602093976AC4}.AppStore|Any CPU.Deploy.0 = Release|Any CPU
		{34763F34-4208-4070-98F4-602093976AC4}.AppStore|iPhone.ActiveCfg = Release|Any CPU
		{34763F34-4208-4070-98F4-602093976AC4}.AppStore|iPhone.Build.0 = Release|Any CPU
		{34763F34-4208-4070-98F4-602093976AC4}.AppStore|iPhone.Deploy.0 = Release|Any CPU
		{34763F34-4208-4070-98F4-602093976AC4}.AppStore|iPhoneSimulator.ActiveCfg = Release|Any CPU
		{34763F34-4208-4070-98F4-602093976AC4}.AppStore|iPhoneSimulator.Build.0 = Release|Any CPU
		{34763F34-4208-4070-98F4-602093976AC4}.AppStore|iPhoneSimulator.Deploy.0 = Release|Any CPU
		{34763F34-4208-4070-98F4-602093976AC4}.Debug|Any CPU.ActiveCfg = Debug|Any CPU
		{34763F34-4208-4070-98F4-602093976AC4}.Debug|Any CPU.Build.0 = Debug|Any CPU
		{34763F34-4208-4070-98F4-602093976AC4}.Debug|Any CPU.Deploy.0 = Debug|Any CPU
		{34763F34-4208-4070-98F4-602093976AC4}.Debug|iPhone.ActiveCfg = Debug|Any CPU
		{34763F34-4208-4070-98F4-602093976AC4}.Debug|iPhone.Build.0 = Debug|Any CPU
		{34763F34-4208-4070-98F4-602093976AC4}.Debug|iPhone.Deploy.0 = Debug|Any CPU
		{34763F34-4208-4070-98F4-602093976AC4}.Debug|iPhoneSimulator.ActiveCfg = Debug|Any CPU
		{34763F34-4208-4070-98F4-602093976AC4}.Debug|iPhoneSimulator.Build.0 = Debug|Any CPU
		{34763F34-4208-4070-98F4-602093976AC4}.Debug|iPhoneSimulator.Deploy.0 = Debug|Any CPU
		{34763F34-4208-4070-98F4-602093976AC4}.Release|Any CPU.ActiveCfg = Release|Any CPU
		{34763F34-4208-4070-98F4-602093976AC4}.Release|Any CPU.Build.0 = Release|Any CPU
		{34763F34-4208-4070-98F4-602093976AC4}.Release|Any CPU.Deploy.0 = Release|Any CPU
		{34763F34-4208-4070-98F4-602093976AC4}.Release|iPhone.ActiveCfg = Release|Any CPU
		{34763F34-4208-4070-98F4-602093976AC4}.Release|iPhone.Build.0 = Release|Any CPU
		{34763F34-4208-4070-98F4-602093976AC4}.Release|iPhone.Deploy.0 = Release|Any CPU
		{34763F34-4208-4070-98F4-602093976AC4}.Release|iPhoneSimulator.ActiveCfg = Release|Any CPU
		{34763F34-4208-4070-98F4-602093976AC4}.Release|iPhoneSimulator.Build.0 = Release|Any CPU
		{34763F34-4208-4070-98F4-602093976AC4}.Release|iPhoneSimulator.Deploy.0 = Release|Any CPU
		{CEA9E7AC-04CA-47AE-B9BF-9855C2D5A72E}.Ad-Hoc|Any CPU.ActiveCfg = Ad-Hoc|iPhone
		{CEA9E7AC-04CA-47AE-B9BF-9855C2D5A72E}.Ad-Hoc|iPhone.ActiveCfg = Ad-Hoc|iPhone
		{CEA9E7AC-04CA-47AE-B9BF-9855C2D5A72E}.Ad-Hoc|iPhone.Build.0 = Ad-Hoc|iPhone
		{CEA9E7AC-04CA-47AE-B9BF-9855C2D5A72E}.Ad-Hoc|iPhoneSimulator.ActiveCfg = Ad-Hoc|iPhoneSimulator
		{CEA9E7AC-04CA-47AE-B9BF-9855C2D5A72E}.Ad-Hoc|iPhoneSimulator.Build.0 = Ad-Hoc|iPhoneSimulator
		{CEA9E7AC-04CA-47AE-B9BF-9855C2D5A72E}.AppStore|Any CPU.ActiveCfg = AppStore|iPhone
		{CEA9E7AC-04CA-47AE-B9BF-9855C2D5A72E}.AppStore|iPhone.ActiveCfg = AppStore|iPhone
		{CEA9E7AC-04CA-47AE-B9BF-9855C2D5A72E}.AppStore|iPhone.Build.0 = AppStore|iPhone
		{CEA9E7AC-04CA-47AE-B9BF-9855C2D5A72E}.AppStore|iPhoneSimulator.ActiveCfg = AppStore|iPhoneSimulator
		{CEA9E7AC-04CA-47AE-B9BF-9855C2D5A72E}.AppStore|iPhoneSimulator.Build.0 = AppStore|iPhoneSimulator
		{CEA9E7AC-04CA-47AE-B9BF-9855C2D5A72E}.Debug|Any CPU.ActiveCfg = Debug|iPhone
		{CEA9E7AC-04CA-47AE-B9BF-9855C2D5A72E}.Debug|iPhone.ActiveCfg = Debug|iPhone
		{CEA9E7AC-04CA-47AE-B9BF-9855C2D5A72E}.Debug|iPhone.Build.0 = Debug|iPhone
		{CEA9E7AC-04CA-47AE-B9BF-9855C2D5A72E}.Debug|iPhoneSimulator.ActiveCfg = Debug|iPhoneSimulator
		{CEA9E7AC-04CA-47AE-B9BF-9855C2D5A72E}.Debug|iPhoneSimulator.Build.0 = Debug|iPhoneSimulator
		{CEA9E7AC-04CA-47AE-B9BF-9855C2D5A72E}.Release|Any CPU.ActiveCfg = Release|iPhone
		{CEA9E7AC-04CA-47AE-B9BF-9855C2D5A72E}.Release|iPhone.ActiveCfg = Release|iPhone
		{CEA9E7AC-04CA-47AE-B9BF-9855C2D5A72E}.Release|iPhone.Build.0 = Release|iPhone
		{CEA9E7AC-04CA-47AE-B9BF-9855C2D5A72E}.Release|iPhoneSimulator.ActiveCfg = Release|iPhoneSimulator
		{CEA9E7AC-04CA-47AE-B9BF-9855C2D5A72E}.Release|iPhoneSimulator.Build.0 = Release|iPhoneSimulator
	EndGlobalSection
	GlobalSection(SolutionProperties) = preSolution
		HideSolutionNode = FALSE
	EndGlobalSection
EndGlobal
